
Microsoft Visual Studio Solution File, Format Version 12.00
# Visual Studio Version 17
VisualStudioVersion = 17.13.35825.156 d17.13
MinimumVisualStudioVersion = 10.0.40219.1
Project("{FAE04EC0-301F-11D3-BF4B-00C04F79EFBC}") = "FiltriranjePodatkov", "FiltriranjePodatkov\FiltriranjePodatkov.csproj", "{F6FA0AB4-2F2D-434B-8FB7-BD86810879BC}"
EndProject
Global
	GlobalSection(SolutionConfigurationPlatforms) = preSolution
		Debug|Any CPU = Debug|Any CPU
		Release|Any CPU = Release|Any CPU
	EndGlobalSection
	GlobalSection(ProjectConfigurationPlatforms) = postSolution
		{F6FA0AB4-2F2D-434B-8FB7-BD86810879BC}.Debug|Any CPU.ActiveCfg = Debug|Any CPU
		{F6FA0AB4-2F2D-434B-8FB7-BD86810879BC}.Debug|Any CPU.Build.0 = Debug|Any CPU
		{F6FA0AB4-2F2D-434B-8FB7-BD86810879BC}.Release|Any CPU.ActiveCfg = Release|Any CPU
		{F6FA0AB4-2F2D-434B-8FB7-BD86810879BC}.Release|Any CPU.Build.0 = Release|Any CPU
	EndGlobalSection
	GlobalSection(SolutionProperties) = preSolution
		HideSolutionNode = FALSE
	EndGlobalSection
	GlobalSection(ExtensibilityGlobals) = postSolution
		SolutionGuid = {9596E5E1-0EC3-4BB9-93B9-C9D59DAF4981}
	EndGlobalSection
EndGlobal
